# THIS IS AN AUTOGENERATED FILE. DO NOT EDIT THIS FILE DIRECTLY.
# yarn lockfile v1


"@types/node@^17.0.38":
  version "17.0.45"
  resolved "https://registry.yarnpkg.com/@types/node/-/node-17.0.45.tgz#2c0fafd78705e7a18b7906b5201a522719dc5190"
  integrity sha512-w+tIMs3rq2afQdsPJlODhoUEKzFP1ayaoyl1CcnwtIlsVe7K7bA1NGm4s3PraqTLlXnbIN84zuBlxBWo1u9BLw==

turbo-android-arm64@1.3.3:
  version "1.3.3"
  resolved "https://registry.yarnpkg.com/turbo-android-arm64/-/turbo-android-arm64-1.3.3.tgz#99520bcf15e902a28bd7b1b40ae6c6cf60e397ba"
  integrity sha512-zb295VvI3Ak4OdYDFG37IchNtM1kkpdXe8oHtScpJ7c9/OB4MPqCZ5FuZNX5Ebe88UOcV+NPWwfrvW1lEll4PA==

turbo-darwin-64@1.3.3:
  version "1.3.3"
  resolved "https://registry.yarnpkg.com/turbo-darwin-64/-/turbo-darwin-64-1.3.3.tgz#9d15bce3df6f3d12813716bdfe23f56c0777cb4b"
  integrity sha512-NrpU6sZ09unOjQHenPCQ1rNvWiD2TSYCk/OCk8HLyIpb5iZifG2Kq8bRMt6PGx9B4Ks7TT6TMRW3gHyBEUpzLw==

turbo-darwin-arm64@1.3.3:
  version "1.3.3"
  resolved "https://registry.yarnpkg.com/turbo-darwin-arm64/-/turbo-darwin-arm64-1.3.3.tgz#f7397dcff5365e68dd1c3f228db6e2920b4982c4"
  integrity sha512-YP+wZ9hsf2UQ5pErv/bBUnnGhxh+E25Mfp3CrCGGfcfOC/jqCPVvY/ldTrGd1rZXipP/RNSoCYcrQSfIodwqpw==

turbo-freebsd-64@1.3.3:
  version "1.3.3"
  resolved "https://registry.yarnpkg.com/turbo-freebsd-64/-/turbo-freebsd-64-1.3.3.tgz#40ce1558a6ce8ba25915304a2d25804b0ab3cf02"
  integrity sha512-sbmvB7pg70k0ashTh3W0RiMhnrsbZ81UxstOtVtENdSgM9Qay2OmvQll6dg2AZJRfL2pQZy9afkKqbCZCokh1Q==

turbo-freebsd-arm64@1.3.3:
  version "1.3.3"
  resolved "https://registry.yarnpkg.com/turbo-freebsd-arm64/-/turbo-freebsd-arm64-1.3.3.tgz#d728679ac092efd5a20763225c16ec422054c8a8"
  integrity sha512-n9Sk8XkYSx70sDQ8IIitn8h8HnHDg8MMSNwCEWear2Pf33eJqapOrNheXZEcB33QxdwTfeKgWLcg9Tmw9UsF2A==

turbo-linux-32@1.3.3:
  version "1.3.3"
  resolved "https://registry.yarnpkg.com/turbo-linux-32/-/turbo-linux-32-1.3.3.tgz#0108eccb84fe384401f5ed681d016e1489fe6b62"
  integrity sha512-TMRMwsIYevNVsQoj2651vgC9j5jsPAL9azEO+9rGHBVdFunIqksiSizfdoziR+RcvWV53KFhTUJngiK6/gcgkw==

turbo-linux-64@1.3.3:
  version "1.3.3"
  resolved "https://registry.yarnpkg.com/turbo-linux-64/-/turbo-linux-64-1.3.3.tgz#2d30c109c294262bac07875cf915b2e7cb088f6d"
  integrity sha512-YIJiZ4lot9//awpUrXR652EaLeOEX186XiJ04W8Cm3LQ3dlyJ9lNuJwjiIz+cyuhvCKo9K9isQn1XAZIXXppZg==

turbo-linux-arm64@1.3.3:
  version "1.3.3"
  resolved "https://registry.yarnpkg.com/turbo-linux-arm64/-/turbo-linux-arm64-1.3.3.tgz#9f9ac01b8e3fafdeca591bb8e1c46b4ddfda2fee"
  integrity sha512-2r04C20qciTeWe+v4o0tBfQBKQW5MV/vSVEw9yrAANEECn7zfdwOtplRyY069/0yuNUOldt+k5upDDUuYX+bow==

turbo-linux-arm@1.3.3:
  version "1.3.3"
  resolved "https://registry.yarnpkg.com/turbo-linux-arm/-/turbo-linux-arm-1.3.3.tgz#0f268912bea02cd4a0213b53698a2a3862552300"
  integrity sha512-MYEH3octbJU/NBS/zHHWfcwJiJmDPfEhgUZ1z3KtsOBiaUkyqXp1rzueXPqEgzwQPfNMi64SEq2IUpcDGtAkNA==

turbo-linux-mips64le@1.3.3:
  version "1.3.3"
  resolved "https://registry.yarnpkg.com/turbo-linux-mips64le/-/turbo-linux-mips64le-1.3.3.tgz#e3a8a9a7f7f9cecce2e10f34c70c37a15170f6a1"
  integrity sha512-fiKrM1zLs/33Mz4nhvkIIu5sNUvXi4aegA/D7PJ1KX8DeEUN8s27bFDn/U9CK9HH1ZXLQm1GvPPTIR8bD+NKGw==

turbo-linux-ppc64le@1.3.3:
  version "1.3.3"
  resolved "https://registry.yarnpkg.com/turbo-linux-ppc64le/-/turbo-linux-ppc64le-1.3.3.tgz#91a0e8070162c5fa815f16e3f773c5714aa65502"
  integrity sha512-fBxOIPQAzAqVXA8tSWvUoEQV1YJ3PNpPNvMiSlkdVaqA8prYVug/JNNqgm7SFHfnuSBj4Drg7RlvrMhI4I/QZA==

turbo-windows-32@1.3.3:
  version "1.3.3"
  resolved "https://registry.yarnpkg.com/turbo-windows-32/-/turbo-windows-32-1.3.3.tgz#b8877ad4fc0da6b88fbd96e31b90391c32b24f7c"
  integrity sha512-l06bS+1gco1zHwHSmdayu2TCCyXEf5Ge6mjRvhyMnQ9Tlw3W14Z2DSEy99F/Zex47OSXWyrKf2Ru/jBEnob/FQ==

turbo-windows-64@1.3.3:
  version "1.3.3"
  resolved "https://registry.yarnpkg.com/turbo-windows-64/-/turbo-windows-64-1.3.3.tgz#2ea55c45282cb0d1cfbe49ba1091fd69d54a1d74"
  integrity sha512-LSdKPC4Ztx5T/8sUq4n2XWMGTiK6rIhjyix1C0LwduRH/v+0QqPIW/moPW5WVXNzRJNKyTKWFvcpjURSTp6Otg==

turbo-windows-arm64@1.3.3:
  version "1.3.3"
  resolved "https://registry.yarnpkg.com/turbo-windows-arm64/-/turbo-windows-arm64-1.3.3.tgz#73d0f5e86f7b7ed5b77e3be63f6e39b4da68d3d5"
  integrity sha512-Bw0/9iYUCvEFQnLZNnzCnyeOCUrYt4Yg0LkjXEcGKVUg22GxbT7AHxViLDxnmT3qDlPcKAXeWyDa4Glu1LThVg==

turbo@^1.2.14:
  version "1.3.3"
  resolved "https://registry.yarnpkg.com/turbo/-/turbo-1.3.3.tgz#320c58bfa14d6464c4347e8644ac43b23ae868af"
  integrity sha512-OwdmvUN6EBJUb67wRkm96jD6PMI3ecX8VoCRzWcIKsLO33ZQ4jcTmnK6RG//ChldBfAm9ZJdc1XDifxooGeFug==
  optionalDependencies:
    turbo-android-arm64 "1.3.3"
    turbo-darwin-64 "1.3.3"
    turbo-darwin-arm64 "1.3.3"
    turbo-freebsd-64 "1.3.3"
    turbo-freebsd-arm64 "1.3.3"
    turbo-linux-32 "1.3.3"
    turbo-linux-64 "1.3.3"
    turbo-linux-arm "1.3.3"
    turbo-linux-arm64 "1.3.3"
    turbo-linux-mips64le "1.3.3"
    turbo-linux-ppc64le "1.3.3"
    turbo-windows-32 "1.3.3"
    turbo-windows-64 "1.3.3"
    turbo-windows-arm64 "1.3.3"

typescript@^4.7.2:
  version "4.7.4"
  resolved "https://registry.yarnpkg.com/typescript/-/typescript-4.7.4.tgz#1a88596d1cf47d59507a1bcdfb5b9dfe4d488235"
  integrity sha512-C0WQT0gezHuw6AdY1M2jxUO83Rjf0HP7Sk1DtXj6j1EwkQNZrHAg2XPWlq62oqEhYvONq5pkC2Y9oPljWToLmQ==
